
Microsoft Visual Studio Solution File, Format Version 12.00
# Visual Studio Version 17
VisualStudioVersion = 17.8.34330.188
MinimumVisualStudioVersion = 10.0.40219.1
Project("{2150E333-8FDC-42A3-9474-1A3956D46DE8}") = "src", "src", "{133C9721-7D3A-4504-8985-D11E6C15BECC}"
EndProject
Project("{2150E333-8FDC-42A3-9474-1A3956D46DE8}") = "digitall", "digitall", "{64EB8A45-5457-4D9B-9B4A-82D05B6968F0}"
EndProject
Project("{9A19103F-16F7-4668-BE54-9A1E7A4F7556}") = "Domain", "src\Digitall\Domain\Domain.csproj", "{E00BDDDB-D4A4-44E9-A29D-EF366D86229B}"
EndProject
Project("{9A19103F-16F7-4668-BE54-9A1E7A4F7556}") = "Data", "src\Digitall\Data\Data.csproj", "{413555D1-44A6-4306-A35F-A16FCF919016}"
EndProject
Project("{9A19103F-16F7-4668-BE54-9A1E7A4F7556}") = "Application", "src\Digitall\Application\Application.csproj", "{28AD1189-9CBE-437C-9470-9D14D7C2A104}"
EndProject
Project("{9A19103F-16F7-4668-BE54-9A1E7A4F7556}") = "Ioc", "src\Digitall\Ioc\Ioc.csproj", "{E56320F4-2132-4591-AEAD-AF400408ED6C}"
EndProject
Project("{9A19103F-16F7-4668-BE54-9A1E7A4F7556}") = "Api", "src\Digitall\Api\Api.csproj", "{77942109-88B1-41E6-BD10-B29DA60E2294}"
EndProject
Project("{2150E333-8FDC-42A3-9474-1A3956D46DE8}") = "nginx", "nginx", "{0B157D38-2885-4896-A53C-FA1C70E0C02D}"
	ProjectSection(SolutionItems) = preProject
		src\nginx\nginx.conf = src\nginx\nginx.conf
	EndProjectSection
EndProject
Project("{E53339B2-1760-4266-BCC7-CA923CBCF16C}") = "docker-compose", "docker-compose.dcproj", "{A53696E7-96A7-4786-9E11-DE4E84D3D2CF}"
EndProject
Global
	GlobalSection(SolutionConfigurationPlatforms) = preSolution
		Debug|Any CPU = Debug|Any CPU
		Release|Any CPU = Release|Any CPU
	EndGlobalSection
	GlobalSection(ProjectConfigurationPlatforms) = postSolution
		{E00BDDDB-D4A4-44E9-A29D-EF366D86229B}.Debug|Any CPU.ActiveCfg = Debug|Any CPU
		{E00BDDDB-D4A4-44E9-A29D-EF366D86229B}.Debug|Any CPU.Build.0 = Debug|Any CPU
		{E00BDDDB-D4A4-44E9-A29D-EF366D86229B}.Release|Any CPU.ActiveCfg = Release|Any CPU
		{E00BDDDB-D4A4-44E9-A29D-EF366D86229B}.Release|Any CPU.Build.0 = Release|Any CPU
		{413555D1-44A6-4306-A35F-A16FCF919016}.Debug|Any CPU.ActiveCfg = Debug|Any CPU
		{413555D1-44A6-4306-A35F-A16FCF919016}.Debug|Any CPU.Build.0 = Debug|Any CPU
		{413555D1-44A6-4306-A35F-A16FCF919016}.Release|Any CPU.ActiveCfg = Release|Any CPU
		{413555D1-44A6-4306-A35F-A16FCF919016}.Release|Any CPU.Build.0 = Release|Any CPU
		{28AD1189-9CBE-437C-9470-9D14D7C2A104}.Debug|Any CPU.ActiveCfg = Debug|Any CPU
		{28AD1189-9CBE-437C-9470-9D14D7C2A104}.Debug|Any CPU.Build.0 = Debug|Any CPU
		{28AD1189-9CBE-437C-9470-9D14D7C2A104}.Release|Any CPU.ActiveCfg = Release|Any CPU
		{28AD1189-9CBE-437C-9470-9D14D7C2A104}.Release|Any CPU.Build.0 = Release|Any CPU
		{E56320F4-2132-4591-AEAD-AF400408ED6C}.Debug|Any CPU.ActiveCfg = Debug|Any CPU
		{E56320F4-2132-4591-AEAD-AF400408ED6C}.Debug|Any CPU.Build.0 = Debug|Any CPU
		{E56320F4-2132-4591-AEAD-AF400408ED6C}.Release|Any CPU.ActiveCfg = Release|Any CPU
		{E56320F4-2132-4591-AEAD-AF400408ED6C}.Release|Any CPU.Build.0 = Release|Any CPU
		{77942109-88B1-41E6-BD10-B29DA60E2294}.Debug|Any CPU.ActiveCfg = Debug|Any CPU
		{77942109-88B1-41E6-BD10-B29DA60E2294}.Debug|Any CPU.Build.0 = Debug|Any CPU
		{77942109-88B1-41E6-BD10-B29DA60E2294}.Release|Any CPU.ActiveCfg = Release|Any CPU
		{77942109-88B1-41E6-BD10-B29DA60E2294}.Release|Any CPU.Build.0 = Release|Any CPU
		{A53696E7-96A7-4786-9E11-DE4E84D3D2CF}.Debug|Any CPU.ActiveCfg = Debug|Any CPU
		{A53696E7-96A7-4786-9E11-DE4E84D3D2CF}.Debug|Any CPU.Build.0 = Debug|Any CPU
		{A53696E7-96A7-4786-9E11-DE4E84D3D2CF}.Release|Any CPU.ActiveCfg = Release|Any CPU
		{A53696E7-96A7-4786-9E11-DE4E84D3D2CF}.Release|Any CPU.Build.0 = Release|Any CPU
	EndGlobalSection
	GlobalSection(SolutionProperties) = preSolution
		HideSolutionNode = FALSE
	EndGlobalSection
	GlobalSection(NestedProjects) = preSolution
		{64EB8A45-5457-4D9B-9B4A-82D05B6968F0} = {133C9721-7D3A-4504-8985-D11E6C15BECC}
		{E00BDDDB-D4A4-44E9-A29D-EF366D86229B} = {64EB8A45-5457-4D9B-9B4A-82D05B6968F0}
		{413555D1-44A6-4306-A35F-A16FCF919016} = {64EB8A45-5457-4D9B-9B4A-82D05B6968F0}
		{28AD1189-9CBE-437C-9470-9D14D7C2A104} = {64EB8A45-5457-4D9B-9B4A-82D05B6968F0}
		{E56320F4-2132-4591-AEAD-AF400408ED6C} = {64EB8A45-5457-4D9B-9B4A-82D05B6968F0}
		{77942109-88B1-41E6-BD10-B29DA60E2294} = {64EB8A45-5457-4D9B-9B4A-82D05B6968F0}
		{0B157D38-2885-4896-A53C-FA1C70E0C02D} = {133C9721-7D3A-4504-8985-D11E6C15BECC}
	EndGlobalSection
	GlobalSection(ExtensibilityGlobals) = postSolution
		SolutionGuid = {6617A53D-962E-4DFE-96B8-6CB716E4D5C3}
	EndGlobalSection
EndGlobal
